
Microsoft Visual Studio Solution File, Format Version 12.00
# Visual Studio Version 16
VisualStudioVersion = 16.0.29001.49
MinimumVisualStudioVersion = 10.0.40219.1
Project("{FAE04EC0-301F-11D3-BF4B-00C04F79EFBC}") = "試題1", "試題1.csproj", "{BB8DB31B-B4E1-4950-8F34-105D15183111}"
EndProject
Global
	GlobalSection(SolutionConfigurationPlatforms) = preSolution
		Debug|Any CPU = Debug|Any CPU
		Release|Any CPU = Release|Any CPU
	EndGlobalSection
	GlobalSection(ProjectConfigurationPlatforms) = postSolution
		{BB8DB31B-B4E1-4950-8F34-105D15183111}.Debug|Any CPU.ActiveCfg = Debug|Any CPU
		{BB8DB31B-B4E1-4950-8F34-105D15183111}.Debug|Any CPU.Build.0 = Debug|Any CPU
		{BB8DB31B-B4E1-4950-8F34-105D15183111}.Release|Any CPU.ActiveCfg = Release|Any CPU
		{BB8DB31B-B4E1-4950-8F34-105D15183111}.Release|Any CPU.Build.0 = Release|Any CPU
	EndGlobalSection
	GlobalSection(SolutionProperties) = preSolution
		HideSolutionNode = FALSE
	EndGlobalSection
	GlobalSection(ExtensibilityGlobals) = postSolution
		SolutionGuid = {02559DCB-2008-4579-9498-D6B36F428441}
	EndGlobalSection
EndGlobal
