
Microsoft Visual Studio Solution File, Format Version 12.00
# Visual Studio Version 16
VisualStudioVersion = 16.0.29001.49
MinimumVisualStudioVersion = 10.0.40219.1
Project("{FAE04EC0-301F-11D3-BF4B-00C04F79EFBC}") = "試題1", "試題1.csproj", "{D2994908-531E-43F6-AF01-080C95533ECC}"
EndProject
Global
	GlobalSection(SolutionConfigurationPlatforms) = preSolution
		Debug|Any CPU = Debug|Any CPU
		Release|Any CPU = Release|Any CPU
	EndGlobalSection
	GlobalSection(ProjectConfigurationPlatforms) = postSolution
		{D2994908-531E-43F6-AF01-080C95533ECC}.Debug|Any CPU.ActiveCfg = Debug|Any CPU
		{D2994908-531E-43F6-AF01-080C95533ECC}.Debug|Any CPU.Build.0 = Debug|Any CPU
		{D2994908-531E-43F6-AF01-080C95533ECC}.Release|Any CPU.ActiveCfg = Release|Any CPU
		{D2994908-531E-43F6-AF01-080C95533ECC}.Release|Any CPU.Build.0 = Release|Any CPU
	EndGlobalSection
	GlobalSection(SolutionProperties) = preSolution
		HideSolutionNode = FALSE
	EndGlobalSection
	GlobalSection(ExtensibilityGlobals) = postSolution
		SolutionGuid = {DC5FBB8B-7B53-4195-B802-3337EE4F9AE8}
	EndGlobalSection
EndGlobal
