
Microsoft Visual Studio Solution File, Format Version 12.00
# Visual Studio Version 16
VisualStudioVersion = 16.0.29001.49
MinimumVisualStudioVersion = 10.0.40219.1
Project("{FAE04EC0-301F-11D3-BF4B-00C04F79EFBC}") = "試題5", "試題5.csproj", "{A731B002-5C98-48D7-8C60-C14B15D7A6EF}"
EndProject
Global
	GlobalSection(SolutionConfigurationPlatforms) = preSolution
		Debug|Any CPU = Debug|Any CPU
		Release|Any CPU = Release|Any CPU
	EndGlobalSection
	GlobalSection(ProjectConfigurationPlatforms) = postSolution
		{A731B002-5C98-48D7-8C60-C14B15D7A6EF}.Debug|Any CPU.ActiveCfg = Debug|Any CPU
		{A731B002-5C98-48D7-8C60-C14B15D7A6EF}.Debug|Any CPU.Build.0 = Debug|Any CPU
		{A731B002-5C98-48D7-8C60-C14B15D7A6EF}.Release|Any CPU.ActiveCfg = Release|Any CPU
		{A731B002-5C98-48D7-8C60-C14B15D7A6EF}.Release|Any CPU.Build.0 = Release|Any CPU
	EndGlobalSection
	GlobalSection(SolutionProperties) = preSolution
		HideSolutionNode = FALSE
	EndGlobalSection
	GlobalSection(ExtensibilityGlobals) = postSolution
		SolutionGuid = {CC062D48-E382-42E3-A80E-4D683388D3CD}
	EndGlobalSection
EndGlobal
