
Microsoft Visual Studio Solution File, Format Version 12.00
# Visual Studio Version 16
VisualStudioVersion = 16.0.29001.49
MinimumVisualStudioVersion = 10.0.40219.1
Project("{FAE04EC0-301F-11D3-BF4B-00C04F79EFBC}") = "試題6", "試題6.csproj", "{A1E20883-1F34-4066-A62C-10D70977889D}"
EndProject
Global
	GlobalSection(SolutionConfigurationPlatforms) = preSolution
		Debug|Any CPU = Debug|Any CPU
		Release|Any CPU = Release|Any CPU
	EndGlobalSection
	GlobalSection(ProjectConfigurationPlatforms) = postSolution
		{A1E20883-1F34-4066-A62C-10D70977889D}.Debug|Any CPU.ActiveCfg = Debug|Any CPU
		{A1E20883-1F34-4066-A62C-10D70977889D}.Debug|Any CPU.Build.0 = Debug|Any CPU
		{A1E20883-1F34-4066-A62C-10D70977889D}.Release|Any CPU.ActiveCfg = Release|Any CPU
		{A1E20883-1F34-4066-A62C-10D70977889D}.Release|Any CPU.Build.0 = Release|Any CPU
	EndGlobalSection
	GlobalSection(SolutionProperties) = preSolution
		HideSolutionNode = FALSE
	EndGlobalSection
	GlobalSection(ExtensibilityGlobals) = postSolution
		SolutionGuid = {D4EEFCA8-3DFC-4DA2-9ABC-2A139EA3C708}
	EndGlobalSection
EndGlobal
