
Microsoft Visual Studio Solution File, Format Version 12.00
# Visual Studio Version 16
VisualStudioVersion = 16.0.29001.49
MinimumVisualStudioVersion = 10.0.40219.1
Project("{FAE04EC0-301F-11D3-BF4B-00C04F79EFBC}") = "試題1", "試題1.csproj", "{00E058D3-3ED6-48D7-A29C-4F784126B1DC}"
EndProject
Global
	GlobalSection(SolutionConfigurationPlatforms) = preSolution
		Debug|Any CPU = Debug|Any CPU
		Release|Any CPU = Release|Any CPU
	EndGlobalSection
	GlobalSection(ProjectConfigurationPlatforms) = postSolution
		{00E058D3-3ED6-48D7-A29C-4F784126B1DC}.Debug|Any CPU.ActiveCfg = Debug|Any CPU
		{00E058D3-3ED6-48D7-A29C-4F784126B1DC}.Debug|Any CPU.Build.0 = Debug|Any CPU
		{00E058D3-3ED6-48D7-A29C-4F784126B1DC}.Release|Any CPU.ActiveCfg = Release|Any CPU
		{00E058D3-3ED6-48D7-A29C-4F784126B1DC}.Release|Any CPU.Build.0 = Release|Any CPU
	EndGlobalSection
	GlobalSection(SolutionProperties) = preSolution
		HideSolutionNode = FALSE
	EndGlobalSection
	GlobalSection(ExtensibilityGlobals) = postSolution
		SolutionGuid = {55349E9D-2473-474D-825A-EEC2DDE40435}
	EndGlobalSection
EndGlobal
