
Microsoft Visual Studio Solution File, Format Version 12.00
# Visual Studio Version 16
VisualStudioVersion = 16.0.29001.49
MinimumVisualStudioVersion = 10.0.40219.1
Project("{FAE04EC0-301F-11D3-BF4B-00C04F79EFBC}") = "試題1", "試題1.csproj", "{35866EDA-BB77-402F-8631-F792532E520D}"
EndProject
Global
	GlobalSection(SolutionConfigurationPlatforms) = preSolution
		Debug|Any CPU = Debug|Any CPU
		Release|Any CPU = Release|Any CPU
	EndGlobalSection
	GlobalSection(ProjectConfigurationPlatforms) = postSolution
		{35866EDA-BB77-402F-8631-F792532E520D}.Debug|Any CPU.ActiveCfg = Debug|Any CPU
		{35866EDA-BB77-402F-8631-F792532E520D}.Debug|Any CPU.Build.0 = Debug|Any CPU
		{35866EDA-BB77-402F-8631-F792532E520D}.Release|Any CPU.ActiveCfg = Release|Any CPU
		{35866EDA-BB77-402F-8631-F792532E520D}.Release|Any CPU.Build.0 = Release|Any CPU
	EndGlobalSection
	GlobalSection(SolutionProperties) = preSolution
		HideSolutionNode = FALSE
	EndGlobalSection
	GlobalSection(ExtensibilityGlobals) = postSolution
		SolutionGuid = {1475DC3F-E798-4EEF-BBE3-A9E32E7C817C}
	EndGlobalSection
EndGlobal
